
Microsoft Visual Studio Solution File, Format Version 12.00
# Visual Studio 14
VisualStudioVersion = 14.0.25123.0
MinimumVisualStudioVersion = 10.0.40219.1
Project("{FAE04EC0-301F-11D3-BF4B-00C04F79EFBC}") = "MaterialWPF", "MaterialWPF\MaterialWPF.csproj", "{B99B8221-ACA0-49EF-B40D-3CF144D2A188}"
EndProject
Project("{FAE04EC0-301F-11D3-BF4B-00C04F79EFBC}") = "MaterialWPFTest", "MaterialWPFTest\MaterialWPFTest.csproj", "{4B87364B-1811-44CC-B1FA-E62A3253966E}"
EndProject
Global
	GlobalSection(SolutionConfigurationPlatforms) = preSolution
		Debug|Any CPU = Debug|Any CPU
		Release|Any CPU = Release|Any CPU
	EndGlobalSection
	GlobalSection(ProjectConfigurationPlatforms) = postSolution
		{B99B8221-ACA0-49EF-B40D-3CF144D2A188}.Debug|Any CPU.ActiveCfg = Debug|Any CPU
		{B99B8221-ACA0-49EF-B40D-3CF144D2A188}.Debug|Any CPU.Build.0 = Debug|Any CPU
		{B99B8221-ACA0-49EF-B40D-3CF144D2A188}.Release|Any CPU.ActiveCfg = Release|Any CPU
		{B99B8221-ACA0-49EF-B40D-3CF144D2A188}.Release|Any CPU.Build.0 = Release|Any CPU
		{4B87364B-1811-44CC-B1FA-E62A3253966E}.Debug|Any CPU.ActiveCfg = Debug|Any CPU
		{4B87364B-1811-44CC-B1FA-E62A3253966E}.Debug|Any CPU.Build.0 = Debug|Any CPU
		{4B87364B-1811-44CC-B1FA-E62A3253966E}.Release|Any CPU.ActiveCfg = Release|Any CPU
		{4B87364B-1811-44CC-B1FA-E62A3253966E}.Release|Any CPU.Build.0 = Release|Any CPU
	EndGlobalSection
	GlobalSection(SolutionProperties) = preSolution
		HideSolutionNode = FALSE
	EndGlobalSection
EndGlobal
